// !$*UTF8*$!
{
	archiveVersion = 1;
	classes = {
	};
	objectVersion = 55;
	objects = {

/* Begin PBXBuildFile section */
		523A4B122904049D00B8A084 /* AppDelegate.swift in Sources */ = {isa = PBXBuildFile; fileRef = 523A4B112904049D00B8A084 /* AppDelegate.swift */; };
		523A4B142904049D00B8A084 /* SceneDelegate.swift in Sources */ = {isa = PBXBuildFile; fileRef = 523A4B132904049D00B8A084 /* SceneDelegate.swift */; };
		523A4B162904049D00B8A084 /* ViewController.swift in Sources */ = {isa = PBXBuildFile; fileRef = 523A4B152904049D00B8A084 /* ViewController.swift */; };
		523A4B192904049D00B8A084 /* Main.storyboard in Resources */ = {isa = PBXBuildFile; fileRef = 523A4B172904049D00B8A084 /* Main.storyboard */; };
		523A4B1B290404A100B8A084 /* Assets.xcassets in Resources */ = {isa = PBXBuildFile; fileRef = 523A4B1A290404A100B8A084 /* Assets.xcassets */; };
		523A4B1E290404A100B8A084 /* LaunchScreen.storyboard in Resources */ = {isa = PBXBuildFile; fileRef = 523A4B1C290404A100B8A084 /* LaunchScreen.storyboard */; };
		523A4B29290404A100B8A084 /* jogo_da_sorteTests.swift in Sources */ = {isa = PBXBuildFile; fileRef = 523A4B28290404A100B8A084 /* jogo_da_sorteTests.swift */; };
		523A4B33290404A100B8A084 /* jogo_da_sorteUITests.swift in Sources */ = {isa = PBXBuildFile; fileRef = 523A4B32290404A100B8A084 /* jogo_da_sorteUITests.swift */; };
		523A4B35290404A100B8A084 /* jogo_da_sorteUITestsLaunchTests.swift in Sources */ = {isa = PBXBuildFile; fileRef = 523A4B34290404A100B8A084 /* jogo_da_sorteUITestsLaunchTests.swift */; };
		523A4B422904050200B8A084 /* View.xib in Resources */ = {isa = PBXBuildFile; fileRef = 523A4B412904050200B8A084 /* View.xib */; };
/* End PBXBuildFile section */

/* Begin PBXContainerItemProxy section */
		523A4B25290404A100B8A084 /* PBXContainerItemProxy */ = {
			isa = PBXContainerItemProxy;
			containerPortal = 523A4B062904049D00B8A084 /* Project object */;
			proxyType = 1;
			remoteGlobalIDString = 523A4B0D2904049D00B8A084;
			remoteInfo = "jogo da sorte";
		};
		523A4B2F290404A100B8A084 /* PBXContainerItemProxy */ = {
			isa = PBXContainerItemProxy;
			containerPortal = 523A4B062904049D00B8A084 /* Project object */;
			proxyType = 1;
			remoteGlobalIDString = 523A4B0D2904049D00B8A084;
			remoteInfo = "jogo da sorte";
		};
/* End PBXContainerItemProxy section */

/* Begin PBXFileReference section */
		523A4B0E2904049D00B8A084 /* jogo da sorte.app */ = {isa = PBXFileReference; explicitFileType = wrapper.application; includeInIndex = 0; path = "jogo da sorte.app"; sourceTree = BUILT_PRODUCTS_DIR; };
		523A4B112904049D00B8A084 /* AppDelegate.swift */ = {isa = PBXFileReference; lastKnownFileType = sourcecode.swift; path = AppDelegate.swift; sourceTree = "<group>"; };
		523A4B132904049D00B8A084 /* SceneDelegate.swift */ = {isa = PBXFileReference; lastKnownFileType = sourcecode.swift; path = SceneDelegate.swift; sourceTree = "<group>"; };
		523A4B152904049D00B8A084 /* ViewController.swift */ = {isa = PBXFileReference; lastKnownFileType = sourcecode.swift; path = ViewController.swift; sourceTree = "<group>"; };
		523A4B182904049D00B8A084 /* Base */ = {isa = PBXFileReference; lastKnownFileType = file.storyboard; name = Base; path = Base.lproj/Main.storyboard; sourceTree = "<group>"; };
		523A4B1A290404A100B8A084 /* Assets.xcassets */ = {isa = PBXFileReference; lastKnownFileType = folder.assetcatalog; path = Assets.xcassets; sourceTree = "<group>"; };
		523A4B1D290404A100B8A084 /* Base */ = {isa = PBXFileReference; lastKnownFileType = file.storyboard; name = Base; path = Base.lproj/LaunchScreen.storyboard; sourceTree = "<group>"; };
		523A4B1F290404A100B8A084 /* Info.plist */ = {isa = PBXFileReference; lastKnownFileType = text.plist.xml; path = Info.plist; sourceTree = "<group>"; };
		523A4B24290404A100B8A084 /* jogo da sorteTests.xctest */ = {isa = PBXFileReference; explicitFileType = wrapper.cfbundle; includeInIndex = 0; path = "jogo da sorteTests.xctest"; sourceTree = BUILT_PRODUCTS_DIR; };
		523A4B28290404A100B8A084 /* jogo_da_sorteTests.swift */ = {isa = PBXFileReference; lastKnownFileType = sourcecode.swift; path = jogo_da_sorteTests.swift; sourceTree = "<group>"; };
		523A4B2E290404A100B8A084 /* jogo da sorteUITests.xctest */ = {isa = PBXFileReference; explicitFileType = wrapper.cfbundle; includeInIndex = 0; path = "jogo da sorteUITests.xctest"; sourceTree = BUILT_PRODUCTS_DIR; };
		523A4B32290404A100B8A084 /* jogo_da_sorteUITests.swift */ = {isa = PBXFileReference; lastKnownFileType = sourcecode.swift; path = jogo_da_sorteUITests.swift; sourceTree = "<group>"; };
		523A4B34290404A100B8A084 /* jogo_da_sorteUITestsLaunchTests.swift */ = {isa = PBXFileReference; lastKnownFileType = sourcecode.swift; path = jogo_da_sorteUITestsLaunchTests.swift; sourceTree = "<group>"; };
		523A4B412904050200B8A084 /* View.xib */ = {isa = PBXFileReference; lastKnownFileType = file.xib; path = View.xib; sourceTree = "<group>"; };
/* End PBXFileReference section */

/* Begin PBXFrameworksBuildPhase section */
		523A4B0B2904049D00B8A084 /* Frameworks */ = {
			isa = PBXFrameworksBuildPhase;
			buildActionMask = 2147483647;
			files = (
			);
			runOnlyForDeploymentPostprocessing = 0;
		};
		523A4B21290404A100B8A084 /* Frameworks */ = {
			isa = PBXFrameworksBuildPhase;
			buildActionMask = 2147483647;
			files = (
			);
			runOnlyForDeploymentPostprocessing = 0;
		};
		523A4B2B290404A100B8A084 /* Frameworks */ = {
			isa = PBXFrameworksBuildPhase;
			buildActionMask = 2147483647;
			files = (
			);
			runOnlyForDeploymentPostprocessing = 0;
		};
/* End PBXFrameworksBuildPhase section */

/* Begin PBXGroup section */
		523A4B052904049D00B8A084 = {
			isa = PBXGroup;
			children = (
				523A4B102904049D00B8A084 /* jogo da sorte */,
				523A4B27290404A100B8A084 /* jogo da sorteTests */,
				523A4B31290404A100B8A084 /* jogo da sorteUITests */,
				523A4B0F2904049D00B8A084 /* Products */,
			);
			sourceTree = "<group>";
		};
		523A4B0F2904049D00B8A084 /* Products */ = {
			isa = PBXGroup;
			children = (
				523A4B0E2904049D00B8A084 /* jogo da sorte.app */,
				523A4B24290404A100B8A084 /* jogo da sorteTests.xctest */,
				523A4B2E290404A100B8A084 /* jogo da sorteUITests.xctest */,
			);
			name = Products;
			sourceTree = "<group>";
		};
		523A4B102904049D00B8A084 /* jogo da sorte */ = {
			isa = PBXGroup;
			children = (
				523A4B112904049D00B8A084 /* AppDelegate.swift */,
				523A4B132904049D00B8A084 /* SceneDelegate.swift */,
				523A4B152904049D00B8A084 /* ViewController.swift */,
				523A4B172904049D00B8A084 /* Main.storyboard */,
				523A4B1A290404A100B8A084 /* Assets.xcassets */,
				523A4B1C290404A100B8A084 /* LaunchScreen.storyboard */,
				523A4B1F290404A100B8A084 /* Info.plist */,
				523A4B412904050200B8A084 /* View.xib */,
			);
			path = "jogo da sorte";
			sourceTree = "<group>";
		};
		523A4B27290404A100B8A084 /* jogo da sorteTests */ = {
			isa = PBXGroup;
			children = (
				523A4B28290404A100B8A084 /* jogo_da_sorteTests.swift */,
			);
			path = "jogo da sorteTests";
			sourceTree = "<group>";
		};
		523A4B31290404A100B8A084 /* jogo da sorteUITests */ = {
			isa = PBXGroup;
			children = (
				523A4B32290404A100B8A084 /* jogo_da_sorteUITests.swift */,
				523A4B34290404A100B8A084 /* jogo_da_sorteUITestsLaunchTests.swift */,
			);
			path = "jogo da sorteUITests";
			sourceTree = "<group>";
		};
/* End PBXGroup section */

/* Begin PBXNativeTarget section */
		523A4B0D2904049D00B8A084 /* jogo da sorte */ = {
			isa = PBXNativeTarget;
			buildConfigurationList = 523A4B38290404A200B8A084 /* Build configuration list for PBXNativeTarget "jogo da sorte" */;
			buildPhases = (
				523A4B0A2904049D00B8A084 /* Sources */,
				523A4B0B2904049D00B8A084 /* Frameworks */,
				523A4B0C2904049D00B8A084 /* Resources */,
			);
			buildRules = (
			);
			dependencies = (
			);
			name = "jogo da sorte";
			productName = "jogo da sorte";
			productReference = 523A4B0E2904049D00B8A084 /* jogo da sorte.app */;
			productType = "com.apple.product-type.application";
		};
		523A4B23290404A100B8A084 /* jogo da sorteTests */ = {
			isa = PBXNativeTarget;
			buildConfigurationList = 523A4B3B290404A200B8A084 /* Build configuration list for PBXNativeTarget "jogo da sorteTests" */;
			buildPhases = (
				523A4B20290404A100B8A084 /* Sources */,
				523A4B21290404A100B8A084 /* Frameworks */,
				523A4B22290404A100B8A084 /* Resources */,
			);
			buildRules = (
			);
			dependencies = (
				523A4B26290404A100B8A084 /* PBXTargetDependency */,
			);
			name = "jogo da sorteTests";
			productName = "jogo da sorteTests";
			productReference = 523A4B24290404A100B8A084 /* jogo da sorteTests.xctest */;
			productType = "com.apple.product-type.bundle.unit-test";
		};
		523A4B2D290404A100B8A084 /* jogo da sorteUITests */ = {
			isa = PBXNativeTarget;
			buildConfigurationList = 523A4B3E290404A200B8A084 /* Build configuration list for PBXNativeTarget "jogo da sorteUITests" */;
			buildPhases = (
				523A4B2A290404A100B8A084 /* Sources */,
				523A4B2B290404A100B8A084 /* Frameworks */,
				523A4B2C290404A100B8A084 /* Resources */,
			);
			buildRules = (
			);
			dependencies = (
				523A4B30290404A100B8A084 /* PBXTargetDependency */,
			);
			name = "jogo da sorteUITests";
			productName = "jogo da sorteUITests";
			productReference = 523A4B2E290404A100B8A084 /* jogo da sorteUITests.xctest */;
			productType = "com.apple.product-type.bundle.ui-testing";
		};
/* End PBXNativeTarget section */

/* Begin PBXProject section */
		523A4B062904049D00B8A084 /* Project object */ = {
			isa = PBXProject;
			attributes = {
				BuildIndependentTargetsInParallel = 1;
				LastSwiftUpdateCheck = 1320;
				LastUpgradeCheck = 1320;
				TargetAttributes = {
					523A4B0D2904049D00B8A084 = {
						CreatedOnToolsVersion = 13.2.1;
					};
					523A4B23290404A100B8A084 = {
						CreatedOnToolsVersion = 13.2.1;
						TestTargetID = 523A4B0D2904049D00B8A084;
					};
					523A4B2D290404A100B8A084 = {
						CreatedOnToolsVersion = 13.2.1;
						TestTargetID = 523A4B0D2904049D00B8A084;
					};
				};
			};
			buildConfigurationList = 523A4B092904049D00B8A084 /* Build configuration list for PBXProject "jogo da sorte" */;
			compatibilityVersion = "Xcode 13.0";
			developmentRegion = en;
			hasScannedForEncodings = 0;
			knownRegions = (
				en,
				Base,
			);
			mainGroup = 523A4B052904049D00B8A084;
			productRefGroup = 523A4B0F2904049D00B8A084 /* Products */;
			projectDirPath = "";
			projectRoot = "";
			targets = (
				523A4B0D2904049D00B8A084 /* jogo da sorte */,
				523A4B23290404A100B8A084 /* jogo da sorteTests */,
				523A4B2D290404A100B8A084 /* jogo da sorteUITests */,
			);
		};
/* End PBXProject section */

/* Begin PBXResourcesBuildPhase section */
		523A4B0C2904049D00B8A084 /* Resources */ = {
			isa = PBXResourcesBuildPhase;
			buildActionMask = 2147483647;
			files = (
				523A4B422904050200B8A084 /* View.xib in Resources */,
				523A4B1E290404A100B8A084 /* LaunchScreen.storyboard in Resources */,
				523A4B1B290404A100B8A084 /* Assets.xcassets in Resources */,
				523A4B192904049D00B8A084 /* Main.storyboard in Resources */,
			);
			runOnlyForDeploymentPostprocessing = 0;
		};
		523A4B22290404A100B8A084 /* Resources */ = {
			isa = PBXResourcesBuildPhase;
			buildActionMask = 2147483647;
			files = (
			);
			runOnlyForDeploymentPostprocessing = 0;
		};
		523A4B2C290404A100B8A084 /* Resources */ = {
			isa = PBXResourcesBuildPhase;
			buildActionMask = 2147483647;
			files = (
			);
			runOnlyForDeploymentPostprocessing = 0;
		};
/* End PBXResourcesBuildPhase section */

/* Begin PBXSourcesBuildPhase section */
		523A4B0A2904049D00B8A084 /* Sources */ = {
			isa = PBXSourcesBuildPhase;
			buildActionMask = 2147483647;
			files = (
				523A4B162904049D00B8A084 /* ViewController.swift in Sources */,
				523A4B122904049D00B8A084 /* AppDelegate.swift in Sources */,
				523A4B142904049D00B8A084 /* SceneDelegate.swift in Sources */,
			);
			runOnlyForDeploymentPostprocessing = 0;
		};
		523A4B20290404A100B8A084 /* Sources */ = {
			isa = PBXSourcesBuildPhase;
			buildActionMask = 2147483647;
			files = (
				523A4B29290404A100B8A084 /* jogo_da_sorteTests.swift in Sources */,
			);
			runOnlyForDeploymentPostprocessing = 0;
		};
		523A4B2A290404A100B8A084 /* Sources */ = {
			isa = PBXSourcesBuildPhase;
			buildActionMask = 2147483647;
			files = (
				523A4B35290404A100B8A084 /* jogo_da_sorteUITestsLaunchTests.swift in Sources */,
				523A4B33290404A100B8A084 /* jogo_da_sorteUITests.swift in Sources */,
			);
			runOnlyForDeploymentPostprocessing = 0;
		};
/* End PBXSourcesBuildPhase section */

/* Begin PBXTargetDependency section */
		523A4B26290404A100B8A084 /* PBXTargetDependency */ = {
			isa = PBXTargetDependency;
			target = 523A4B0D2904049D00B8A084 /* jogo da sorte */;
			targetProxy = 523A4B25290404A100B8A084 /* PBXContainerItemProxy */;
		};
		523A4B30290404A100B8A084 /* PBXTargetDependency */ = {
			isa = PBXTargetDependency;
			target = 523A4B0D2904049D00B8A084 /* jogo da sorte */;
			targetProxy = 523A4B2F290404A100B8A084 /* PBXContainerItemProxy */;
		};
/* End PBXTargetDependency section */

/* Begin PBXVariantGroup section */
		523A4B172904049D00B8A084 /* Main.storyboard */ = {
			isa = PBXVariantGroup;
			children = (
				523A4B182904049D00B8A084 /* Base */,
			);
			name = Main.storyboard;
			sourceTree = "<group>";
		};
		523A4B1C290404A100B8A084 /* LaunchScreen.storyboard */ = {
			isa = PBXVariantGroup;
			children = (
				523A4B1D290404A100B8A084 /* Base */,
			);
			name = LaunchScreen.storyboard;
			sourceTree = "<group>";
		};
/* End PBXVariantGroup section */

/* Begin XCBuildConfiguration section */
		523A4B36290404A200B8A084 /* Debug */ = {
			isa = XCBuildConfiguration;
			buildSettings = {
				ALWAYS_SEARCH_USER_PATHS = NO;
				CLANG_ANALYZER_NONNULL = YES;
				CLANG_ANALYZER_NUMBER_OBJECT_CONVERSION = YES_AGGRESSIVE;
				CLANG_CXX_LANGUAGE_STANDARD = "gnu++17";
				CLANG_CXX_LIBRARY = "libc++";
				CLANG_ENABLE_MODULES = YES;
				CLANG_ENABLE_OBJC_ARC = YES;
				CLANG_ENABLE_OBJC_WEAK = YES;
				CLANG_WARN_BLOCK_CAPTURE_AUTORELEASING = YES;
				CLANG_WARN_BOOL_CONVERSION = YES;
				CLANG_WARN_COMMA = YES;
				CLANG_WARN_CONSTANT_CONVERSION = YES;
				CLANG_WARN_DEPRECATED_OBJC_IMPLEMENTATIONS = YES;
				CLANG_WARN_DIRECT_OBJC_ISA_USAGE = YES_ERROR;
				CLANG_WARN_DOCUMENTATION_COMMENTS = YES;
				CLANG_WARN_EMPTY_BODY = YES;
				CLANG_WARN_ENUM_CONVERSION = YES;
				CLANG_WARN_INFINITE_RECURSION = YES;
				CLANG_WARN_INT_CONVERSION = YES;
				CLANG_WARN_NON_LITERAL_NULL_CONVERSION = YES;
				CLANG_WARN_OBJC_IMPLICIT_RETAIN_SELF = YES;
				CLANG_WARN_OBJC_LITERAL_CONVERSION = YES;
				CLANG_WARN_OBJC_ROOT_CLASS = YES_ERROR;
				CLANG_WARN_QUOTED_INCLUDE_IN_FRAMEWORK_HEADER = YES;
				CLANG_WARN_RANGE_LOOP_ANALYSIS = YES;
				CLANG_WARN_STRICT_PROTOTYPES = YES;
				CLANG_WARN_SUSPICIOUS_MOVE = YES;
				CLANG_WARN_UNGUARDED_AVAILABILITY = YES_AGGRESSIVE;
				CLANG_WARN_UNREACHABLE_CODE = YES;
				CLANG_WARN__DUPLICATE_METHOD_MATCH = YES;
				COPY_PHASE_STRIP = NO;
				DEBUG_INFORMATION_FORMAT = dwarf;
				ENABLE_STRICT_OBJC_MSGSEND = YES;
				ENABLE_TESTABILITY = YES;
				GCC_C_LANGUAGE_STANDARD = gnu11;
				GCC_DYNAMIC_NO_PIC = NO;
				GCC_NO_COMMON_BLOCKS = YES;
				GCC_OPTIMIZATION_LEVEL = 0;
				GCC_PREPROCESSOR_DEFINITIONS = (
					"DEBUG=1",
					"$(inherited)",
				);
				GCC_WARN_64_TO_32_BIT_CONVERSION = YES;
				GCC_WARN_ABOUT_RETURN_TYPE = YES_ERROR;
				GCC_WARN_UNDECLARED_SELECTOR = YES;
				GCC_WARN_UNINITIALIZED_AUTOS = YES_AGGRESSIVE;
				GCC_WARN_UNUSED_FUNCTION = YES;
				GCC_WARN_UNUSED_VARIABLE = YES;
				IPHONEOS_DEPLOYMENT_TARGET = 15.2;
				MTL_ENABLE_DEBUG_INFO = INCLUDE_SOURCE;
				MTL_FAST_MATH = YES;
				ONLY_ACTIVE_ARCH = YES;
				SDKROOT = iphoneos;
				SWIFT_ACTIVE_COMPILATION_CONDITIONS = DEBUG;
				SWIFT_OPTIMIZATION_LEVEL = "-Onone";
			};
			name = Debug;
		};
		523A4B37290404A200B8A084 /* Release */ = {
			isa = XCBuildConfiguration;
			buildSettings = {
				ALWAYS_SEARCH_USER_PATHS = NO;
				CLANG_ANALYZER_NONNULL = YES;
				CLANG_ANALYZER_NUMBER_OBJECT_CONVERSION = YES_AGGRESSIVE;
				CLANG_CXX_LANGUAGE_STANDARD = "gnu++17";
				CLANG_CXX_LIBRARY = "libc++";
				CLANG_ENABLE_MODULES = YES;
				CLANG_ENABLE_OBJC_ARC = YES;
				CLANG_ENABLE_OBJC_WEAK = YES;
				CLANG_WARN_BLOCK_CAPTURE_AUTORELEASING = YES;
				CLANG_WARN_BOOL_CONVERSION = YES;
				CLANG_WARN_COMMA = YES;
				CLANG_WARN_CONSTANT_CONVERSION = YES;
				CLANG_WARN_DEPRECATED_OBJC_IMPLEMENTATIONS = YES;
				CLANG_WARN_DIRECT_OBJC_ISA_USAGE = YES_ERROR;
				CLANG_WARN_DOCUMENTATION_COMMENTS = YES;
				CLANG_WARN_EMPTY_BODY = YES;
				CLANG_WARN_ENUM_CONVERSION = YES;
				CLANG_WARN_INFINITE_RECURSION = YES;
				CLANG_WARN_INT_CONVERSION = YES;
				CLANG_WARN_NON_LITERAL_NULL_CONVERSION = YES;
				CLANG_WARN_OBJC_IMPLICIT_RETAIN_SELF = YES;
				CLANG_WARN_OBJC_LITERAL_CONVERSION = YES;
				CLANG_WARN_OBJC_ROOT_CLASS = YES_ERROR;
				CLANG_WARN_QUOTED_INCLUDE_IN_FRAMEWORK_HEADER = YES;
				CLANG_WARN_RANGE_LOOP_ANALYSIS = YES;
				CLANG_WARN_STRICT_PROTOTYPES = YES;
				CLANG_WARN_SUSPICIOUS_MOVE = YES;
				CLANG_WARN_UNGUARDED_AVAILABILITY = YES_AGGRESSIVE;
				CLANG_WARN_UNREACHABLE_CODE = YES;
				CLANG_WARN__DUPLICATE_METHOD_MATCH = YES;
				COPY_PHASE_STRIP = NO;
				DEBUG_INFORMATION_FORMAT = "dwarf-with-dsym";
				ENABLE_NS_ASSERTIONS = NO;
				ENABLE_STRICT_OBJC_MSGSEND = YES;
				GCC_C_LANGUAGE_STANDARD = gnu11;
				GCC_NO_COMMON_BLOCKS = YES;
				GCC_WARN_64_TO_32_BIT_CONVERSION = YES;
				GCC_WARN_ABOUT_RETURN_TYPE = YES_ERROR;
				GCC_WARN_UNDECLARED_SELECTOR = YES;
				GCC_WARN_UNINITIALIZED_AUTOS = YES_AGGRESSIVE;
				GCC_WARN_UNUSED_FUNCTION = YES;
				GCC_WARN_UNUSED_VARIABLE = YES;
				IPHONEOS_DEPLOYMENT_TARGET = 15.2;
				MTL_ENABLE_DEBUG_INFO = NO;
				MTL_FAST_MATH = YES;
				SDKROOT = iphoneos;
				SWIFT_COMPILATION_MODE = wholemodule;
				SWIFT_OPTIMIZATION_LEVEL = "-O";
				VALIDATE_PRODUCT = YES;
			};
			name = Release;
		};
		523A4B39290404A200B8A084 /* Debug */ = {
			isa = XCBuildConfiguration;
			buildSettings = {
				ASSETCATALOG_COMPILER_APPICON_NAME = AppIcon;
				ASSETCATALOG_COMPILER_GLOBAL_ACCENT_COLOR_NAME = AccentColor;
				CODE_SIGN_STYLE = Automatic;
				CURRENT_PROJECT_VERSION = 1;
				DEVELOPMENT_TEAM = 86KM7GRB86;
				GENERATE_INFOPLIST_FILE = YES;
				INFOPLIST_FILE = "jogo da sorte/Info.plist";
				INFOPLIST_KEY_UIApplicationSupportsIndirectInputEvents = YES;
				INFOPLIST_KEY_UILaunchStoryboardName = LaunchScreen;
				INFOPLIST_KEY_UIMainStoryboardFile = Main;
				INFOPLIST_KEY_UISupportedInterfaceOrientations_iPad = "UIInterfaceOrientationPortrait UIInterfaceOrientationPortraitUpsideDown UIInterfaceOrientationLandscapeLeft UIInterfaceOrientationLandscapeRight";
				INFOPLIST_KEY_UISupportedInterfaceOrientations_iPhone = "UIInterfaceOrientationPortrait UIInterfaceOrientationLandscapeLeft UIInterfaceOrientationLandscapeRight";
				LD_RUNPATH_SEARCH_PATHS = (
					"$(inherited)",
					"@executable_path/Frameworks",
				);
				MARKETING_VERSION = 1.0;
				PRODUCT_BUNDLE_IDENTIFIER = "com.iosdev.jogo-da-sorte";
				PRODUCT_NAME = "$(TARGET_NAME)";
				SWIFT_EMIT_LOC_STRINGS = YES;
				SWIFT_VERSION = 5.0;
				TARGETED_DEVICE_FAMILY = "1,2";
			};
			name = Debug;
		};
		523A4B3A290404A200B8A084 /* Release */ = {
			isa = XCBuildConfiguration;
			buildSettings = {
				ASSETCATALOG_COMPILER_APPICON_NAME = AppIcon;
				ASSETCATALOG_COMPILER_GLOBAL_ACCENT_COLOR_NAME = AccentColor;
				CODE_SIGN_STYLE = Automatic;
				CURRENT_PROJECT_VERSION = 1;
				DEVELOPMENT_TEAM = 86KM7GRB86;
				GENERATE_INFOPLIST_FILE = YES;
				INFOPLIST_FILE = "jogo da sorte/Info.plist";
				INFOPLIST_KEY_UIApplicationSupportsIndirectInputEvents = YES;
				INFOPLIST_KEY_UILaunchStoryboardName = LaunchScreen;
				INFOPLIST_KEY_UIMainStoryboardFile = Main;
				INFOPLIST_KEY_UISupportedInterfaceOrientations_iPad = "UIInterfaceOrientationPortrait UIInterfaceOrientationPortraitUpsideDown UIInterfaceOrientationLandscapeLeft UIInterfaceOrientationLandscapeRight";
				INFOPLIST_KEY_UISupportedInterfaceOrientations_iPhone = "UIInterfaceOrientationPortrait UIInterfaceOrientationLandscapeLeft UIInterfaceOrientationLandscapeRight";
				LD_RUNPATH_SEARCH_PATHS = (
					"$(inherited)",
					"@executable_path/Frameworks",
				);
				MARKETING_VERSION = 1.0;
				PRODUCT_BUNDLE_IDENTIFIER = "com.iosdev.jogo-da-sorte";
				PRODUCT_NAME = "$(TARGET_NAME)";
				SWIFT_EMIT_LOC_STRINGS = YES;
				SWIFT_VERSION = 5.0;
				TARGETED_DEVICE_FAMILY = "1,2";
			};
			name = Release;
		};
		523A4B3C290404A200B8A084 /* Debug */ = {
			isa = XCBuildConfiguration;
			buildSettings = {
				ALWAYS_EMBED_SWIFT_STANDARD_LIBRARIES = YES;
				BUNDLE_LOADER = "$(TEST_HOST)";
				CODE_SIGN_STYLE = Automatic;
				CURRENT_PROJECT_VERSION = 1;
				DEVELOPMENT_TEAM = 86KM7GRB86;
				GENERATE_INFOPLIST_FILE = YES;
				IPHONEOS_DEPLOYMENT_TARGET = 15.2;
				MARKETING_VERSION = 1.0;
				PRODUCT_BUNDLE_IDENTIFIER = "com.iosdev.jogo-da-sorteTests";
				PRODUCT_NAME = "$(TARGET_NAME)";
				SWIFT_EMIT_LOC_STRINGS = NO;
				SWIFT_VERSION = 5.0;
				TARGETED_DEVICE_FAMILY = "1,2";
				TEST_HOST = "$(BUILT_PRODUCTS_DIR)/jogo da sorte.app/jogo da sorte";
			};
			name = Debug;
		};
		523A4B3D290404A200B8A084 /* Release */ = {
			isa = XCBuildConfiguration;
			buildSettings = {
				ALWAYS_EMBED_SWIFT_STANDARD_LIBRARIES = YES;
				BUNDLE_LOADER = "$(TEST_HOST)";
				CODE_SIGN_STYLE = Automatic;
				CURRENT_PROJECT_VERSION = 1;
				DEVELOPMENT_TEAM = 86KM7GRB86;
				GENERATE_INFOPLIST_FILE = YES;
				IPHONEOS_DEPLOYMENT_TARGET = 15.2;
				MARKETING_VERSION = 1.0;
				PRODUCT_BUNDLE_IDENTIFIER = "com.iosdev.jogo-da-sorteTests";
				PRODUCT_NAME = "$(TARGET_NAME)";
				SWIFT_EMIT_LOC_STRINGS = NO;
				SWIFT_VERSION = 5.0;
				TARGETED_DEVICE_FAMILY = "1,2";
				TEST_HOST = "$(BUILT_PRODUCTS_DIR)/jogo da sorte.app/jogo da sorte";
			};
			name = Release;
		};
		523A4B3F290404A200B8A084 /* Debug */ = {
			isa = XCBuildConfiguration;
			buildSettings = {
				ALWAYS_EMBED_SWIFT_STANDARD_LIBRARIES = YES;
				CODE_SIGN_STYLE = Automatic;
				CURRENT_PROJECT_VERSION = 1;
				DEVELOPMENT_TEAM = 86KM7GRB86;
				GENERATE_INFOPLIST_FILE = YES;
				MARKETING_VERSION = 1.0;
				PRODUCT_BUNDLE_IDENTIFIER = "com.iosdev.jogo-da-sorteUITests";
				PRODUCT_NAME = "$(TARGET_NAME)";
				SWIFT_EMIT_LOC_STRINGS = NO;
				SWIFT_VERSION = 5.0;
				TARGETED_DEVICE_FAMILY = "1,2";
				TEST_TARGET_NAME = "jogo da sorte";
			};
			name = Debug;
		};
		523A4B40290404A200B8A084 /* Release */ = {
			isa = XCBuildConfiguration;
			buildSettings = {
				ALWAYS_EMBED_SWIFT_STANDARD_LIBRARIES = YES;
				CODE_SIGN_STYLE = Automatic;
				CURRENT_PROJECT_VERSION = 1;
				DEVELOPMENT_TEAM = 86KM7GRB86;
				GENERATE_INFOPLIST_FILE = YES;
				MARKETING_VERSION = 1.0;
				PRODUCT_BUNDLE_IDENTIFIER = "com.iosdev.jogo-da-sorteUITests";
				PRODUCT_NAME = "$(TARGET_NAME)";
				SWIFT_EMIT_LOC_STRINGS = NO;
				SWIFT_VERSION = 5.0;
				TARGETED_DEVICE_FAMILY = "1,2";
				TEST_TARGET_NAME = "jogo da sorte";
			};
			name = Release;
		};
/* End XCBuildConfiguration section */

/* Begin XCConfigurationList section */
		523A4B092904049D00B8A084 /* Build configuration list for PBXProject "jogo da sorte" */ = {
			isa = XCConfigurationList;
			buildConfigurations = (
				523A4B36290404A200B8A084 /* Debug */,
				523A4B37290404A200B8A084 /* Release */,
			);
			defaultConfigurationIsVisible = 0;
			defaultConfigurationName = Release;
		};
		523A4B38290404A200B8A084 /* Build configuration list for PBXNativeTarget "jogo da sorte" */ = {
			isa = XCConfigurationList;
			buildConfigurations = (
				523A4B39290404A200B8A084 /* Debug */,
				523A4B3A290404A200B8A084 /* Release */,
			);
			defaultConfigurationIsVisible = 0;
			defaultConfigurationName = Release;
		};
		523A4B3B290404A200B8A084 /* Build configuration list for PBXNativeTarget "jogo da sorteTests" */ = {
			isa = XCConfigurationList;
			buildConfigurations = (
				523A4B3C290404A200B8A084 /* Debug */,
				523A4B3D290404A200B8A084 /* Release */,
			);
			defaultConfigurationIsVisible = 0;
			defaultConfigurationName = Release;
		};
		523A4B3E290404A200B8A084 /* Build configuration list for PBXNativeTarget "jogo da sorteUITests" */ = {
			isa = XCConfigurationList;
			buildConfigurations = (
				523A4B3F290404A200B8A084 /* Debug */,
				523A4B40290404A200B8A084 /* Release */,
			);
			defaultConfigurationIsVisible = 0;
			defaultConfigurationName = Release;
		};
/* End XCConfigurationList section */
	};
	rootObject = 523A4B062904049D00B8A084 /* Project object */;
}
