// !$*UTF8*$!
{
	archiveVersion = 1;
	classes = {
	};
	objectVersion = 55;
	objects = {

/* Begin PBXBuildFile section */
		523A4AD22902A22000B8A084 /* AppDelegate.swift in Sources */ = {isa = PBXBuildFile; fileRef = 523A4AD12902A22000B8A084 /* AppDelegate.swift */; };
		523A4AD42902A22000B8A084 /* SceneDelegate.swift in Sources */ = {isa = PBXBuildFile; fileRef = 523A4AD32902A22000B8A084 /* SceneDelegate.swift */; };
		523A4AD62902A22000B8A084 /* ViewController.swift in Sources */ = {isa = PBXBuildFile; fileRef = 523A4AD52902A22000B8A084 /* ViewController.swift */; };
		523A4AD92902A22000B8A084 /* Main.storyboard in Resources */ = {isa = PBXBuildFile; fileRef = 523A4AD72902A22000B8A084 /* Main.storyboard */; };
		523A4ADB2902A22400B8A084 /* Assets.xcassets in Resources */ = {isa = PBXBuildFile; fileRef = 523A4ADA2902A22400B8A084 /* Assets.xcassets */; };
		523A4ADE2902A22400B8A084 /* LaunchScreen.storyboard in Resources */ = {isa = PBXBuildFile; fileRef = 523A4ADC2902A22400B8A084 /* LaunchScreen.storyboard */; };
		523A4AE92902A22400B8A084 /* tempoTests.swift in Sources */ = {isa = PBXBuildFile; fileRef = 523A4AE82902A22400B8A084 /* tempoTests.swift */; };
		523A4AF32902A22400B8A084 /* tempoUITests.swift in Sources */ = {isa = PBXBuildFile; fileRef = 523A4AF22902A22400B8A084 /* tempoUITests.swift */; };
		523A4AF52902A22400B8A084 /* tempoUITestsLaunchTests.swift in Sources */ = {isa = PBXBuildFile; fileRef = 523A4AF42902A22400B8A084 /* tempoUITestsLaunchTests.swift */; };
		523A4B042902AAC800B8A084 /* ViewController.xib in Resources */ = {isa = PBXBuildFile; fileRef = 523A4B032902AAC700B8A084 /* ViewController.xib */; };
/* End PBXBuildFile section */

/* Begin PBXContainerItemProxy section */
		523A4AE52902A22400B8A084 /* PBXContainerItemProxy */ = {
			isa = PBXContainerItemProxy;
			containerPortal = 523A4AC62902A22000B8A084 /* Project object */;
			proxyType = 1;
			remoteGlobalIDString = 523A4ACD2902A22000B8A084;
			remoteInfo = tempo;
		};
		523A4AEF2902A22400B8A084 /* PBXContainerItemProxy */ = {
			isa = PBXContainerItemProxy;
			containerPortal = 523A4AC62902A22000B8A084 /* Project object */;
			proxyType = 1;
			remoteGlobalIDString = 523A4ACD2902A22000B8A084;
			remoteInfo = tempo;
		};
/* End PBXContainerItemProxy section */

/* Begin PBXFileReference section */
		523A4ACE2902A22000B8A084 /* tempo.app */ = {isa = PBXFileReference; explicitFileType = wrapper.application; includeInIndex = 0; path = tempo.app; sourceTree = BUILT_PRODUCTS_DIR; };
		523A4AD12902A22000B8A084 /* AppDelegate.swift */ = {isa = PBXFileReference; lastKnownFileType = sourcecode.swift; path = AppDelegate.swift; sourceTree = "<group>"; };
		523A4AD32902A22000B8A084 /* SceneDelegate.swift */ = {isa = PBXFileReference; lastKnownFileType = sourcecode.swift; path = SceneDelegate.swift; sourceTree = "<group>"; };
		523A4AD52902A22000B8A084 /* ViewController.swift */ = {isa = PBXFileReference; lastKnownFileType = sourcecode.swift; path = ViewController.swift; sourceTree = "<group>"; };
		523A4AD82902A22000B8A084 /* Base */ = {isa = PBXFileReference; lastKnownFileType = file.storyboard; name = Base; path = Base.lproj/Main.storyboard; sourceTree = "<group>"; };
		523A4ADA2902A22400B8A084 /* Assets.xcassets */ = {isa = PBXFileReference; lastKnownFileType = folder.assetcatalog; path = Assets.xcassets; sourceTree = "<group>"; };
		523A4ADD2902A22400B8A084 /* Base */ = {isa = PBXFileReference; lastKnownFileType = file.storyboard; name = Base; path = Base.lproj/LaunchScreen.storyboard; sourceTree = "<group>"; };
		523A4ADF2902A22400B8A084 /* Info.plist */ = {isa = PBXFileReference; lastKnownFileType = text.plist.xml; path = Info.plist; sourceTree = "<group>"; };
		523A4AE42902A22400B8A084 /* tempoTests.xctest */ = {isa = PBXFileReference; explicitFileType = wrapper.cfbundle; includeInIndex = 0; path = tempoTests.xctest; sourceTree = BUILT_PRODUCTS_DIR; };
		523A4AE82902A22400B8A084 /* tempoTests.swift */ = {isa = PBXFileReference; lastKnownFileType = sourcecode.swift; path = tempoTests.swift; sourceTree = "<group>"; };
		523A4AEE2902A22400B8A084 /* tempoUITests.xctest */ = {isa = PBXFileReference; explicitFileType = wrapper.cfbundle; includeInIndex = 0; path = tempoUITests.xctest; sourceTree = BUILT_PRODUCTS_DIR; };
		523A4AF22902A22400B8A084 /* tempoUITests.swift */ = {isa = PBXFileReference; lastKnownFileType = sourcecode.swift; path = tempoUITests.swift; sourceTree = "<group>"; };
		523A4AF42902A22400B8A084 /* tempoUITestsLaunchTests.swift */ = {isa = PBXFileReference; lastKnownFileType = sourcecode.swift; path = tempoUITestsLaunchTests.swift; sourceTree = "<group>"; };
		523A4B032902AAC700B8A084 /* ViewController.xib */ = {isa = PBXFileReference; lastKnownFileType = file.xib; path = ViewController.xib; sourceTree = "<group>"; };
/* End PBXFileReference section */

/* Begin PBXFrameworksBuildPhase section */
		523A4ACB2902A22000B8A084 /* Frameworks */ = {
			isa = PBXFrameworksBuildPhase;
			buildActionMask = 2147483647;
			files = (
			);
			runOnlyForDeploymentPostprocessing = 0;
		};
		523A4AE12902A22400B8A084 /* Frameworks */ = {
			isa = PBXFrameworksBuildPhase;
			buildActionMask = 2147483647;
			files = (
			);
			runOnlyForDeploymentPostprocessing = 0;
		};
		523A4AEB2902A22400B8A084 /* Frameworks */ = {
			isa = PBXFrameworksBuildPhase;
			buildActionMask = 2147483647;
			files = (
			);
			runOnlyForDeploymentPostprocessing = 0;
		};
/* End PBXFrameworksBuildPhase section */

/* Begin PBXGroup section */
		523A4AC52902A22000B8A084 = {
			isa = PBXGroup;
			children = (
				523A4AD02902A22000B8A084 /* tempo */,
				523A4AE72902A22400B8A084 /* tempoTests */,
				523A4AF12902A22400B8A084 /* tempoUITests */,
				523A4ACF2902A22000B8A084 /* Products */,
			);
			sourceTree = "<group>";
		};
		523A4ACF2902A22000B8A084 /* Products */ = {
			isa = PBXGroup;
			children = (
				523A4ACE2902A22000B8A084 /* tempo.app */,
				523A4AE42902A22400B8A084 /* tempoTests.xctest */,
				523A4AEE2902A22400B8A084 /* tempoUITests.xctest */,
			);
			name = Products;
			sourceTree = "<group>";
		};
		523A4AD02902A22000B8A084 /* tempo */ = {
			isa = PBXGroup;
			children = (
				523A4AD12902A22000B8A084 /* AppDelegate.swift */,
				523A4AD32902A22000B8A084 /* SceneDelegate.swift */,
				523A4AD52902A22000B8A084 /* ViewController.swift */,
				523A4AD72902A22000B8A084 /* Main.storyboard */,
				523A4ADA2902A22400B8A084 /* Assets.xcassets */,
				523A4ADC2902A22400B8A084 /* LaunchScreen.storyboard */,
				523A4ADF2902A22400B8A084 /* Info.plist */,
				523A4B032902AAC700B8A084 /* ViewController.xib */,
			);
			path = tempo;
			sourceTree = "<group>";
		};
		523A4AE72902A22400B8A084 /* tempoTests */ = {
			isa = PBXGroup;
			children = (
				523A4AE82902A22400B8A084 /* tempoTests.swift */,
			);
			path = tempoTests;
			sourceTree = "<group>";
		};
		523A4AF12902A22400B8A084 /* tempoUITests */ = {
			isa = PBXGroup;
			children = (
				523A4AF22902A22400B8A084 /* tempoUITests.swift */,
				523A4AF42902A22400B8A084 /* tempoUITestsLaunchTests.swift */,
			);
			path = tempoUITests;
			sourceTree = "<group>";
		};
/* End PBXGroup section */

/* Begin PBXNativeTarget section */
		523A4ACD2902A22000B8A084 /* tempo */ = {
			isa = PBXNativeTarget;
			buildConfigurationList = 523A4AF82902A22400B8A084 /* Build configuration list for PBXNativeTarget "tempo" */;
			buildPhases = (
				523A4ACA2902A22000B8A084 /* Sources */,
				523A4ACB2902A22000B8A084 /* Frameworks */,
				523A4ACC2902A22000B8A084 /* Resources */,
			);
			buildRules = (
			);
			dependencies = (
			);
			name = tempo;
			productName = tempo;
			productReference = 523A4ACE2902A22000B8A084 /* tempo.app */;
			productType = "com.apple.product-type.application";
		};
		523A4AE32902A22400B8A084 /* tempoTests */ = {
			isa = PBXNativeTarget;
			buildConfigurationList = 523A4AFB2902A22400B8A084 /* Build configuration list for PBXNativeTarget "tempoTests" */;
			buildPhases = (
				523A4AE02902A22400B8A084 /* Sources */,
				523A4AE12902A22400B8A084 /* Frameworks */,
				523A4AE22902A22400B8A084 /* Resources */,
			);
			buildRules = (
			);
			dependencies = (
				523A4AE62902A22400B8A084 /* PBXTargetDependency */,
			);
			name = tempoTests;
			productName = tempoTests;
			productReference = 523A4AE42902A22400B8A084 /* tempoTests.xctest */;
			productType = "com.apple.product-type.bundle.unit-test";
		};
		523A4AED2902A22400B8A084 /* tempoUITests */ = {
			isa = PBXNativeTarget;
			buildConfigurationList = 523A4AFE2902A22400B8A084 /* Build configuration list for PBXNativeTarget "tempoUITests" */;
			buildPhases = (
				523A4AEA2902A22400B8A084 /* Sources */,
				523A4AEB2902A22400B8A084 /* Frameworks */,
				523A4AEC2902A22400B8A084 /* Resources */,
			);
			buildRules = (
			);
			dependencies = (
				523A4AF02902A22400B8A084 /* PBXTargetDependency */,
			);
			name = tempoUITests;
			productName = tempoUITests;
			productReference = 523A4AEE2902A22400B8A084 /* tempoUITests.xctest */;
			productType = "com.apple.product-type.bundle.ui-testing";
		};
/* End PBXNativeTarget section */

/* Begin PBXProject section */
		523A4AC62902A22000B8A084 /* Project object */ = {
			isa = PBXProject;
			attributes = {
				BuildIndependentTargetsInParallel = 1;
				LastSwiftUpdateCheck = 1320;
				LastUpgradeCheck = 1320;
				TargetAttributes = {
					523A4ACD2902A22000B8A084 = {
						CreatedOnToolsVersion = 13.2.1;
					};
					523A4AE32902A22400B8A084 = {
						CreatedOnToolsVersion = 13.2.1;
						TestTargetID = 523A4ACD2902A22000B8A084;
					};
					523A4AED2902A22400B8A084 = {
						CreatedOnToolsVersion = 13.2.1;
						TestTargetID = 523A4ACD2902A22000B8A084;
					};
				};
			};
			buildConfigurationList = 523A4AC92902A22000B8A084 /* Build configuration list for PBXProject "tempo" */;
			compatibilityVersion = "Xcode 13.0";
			developmentRegion = en;
			hasScannedForEncodings = 0;
			knownRegions = (
				en,
				Base,
			);
			mainGroup = 523A4AC52902A22000B8A084;
			productRefGroup = 523A4ACF2902A22000B8A084 /* Products */;
			projectDirPath = "";
			projectRoot = "";
			targets = (
				523A4ACD2902A22000B8A084 /* tempo */,
				523A4AE32902A22400B8A084 /* tempoTests */,
				523A4AED2902A22400B8A084 /* tempoUITests */,
			);
		};
/* End PBXProject section */

/* Begin PBXResourcesBuildPhase section */
		523A4ACC2902A22000B8A084 /* Resources */ = {
			isa = PBXResourcesBuildPhase;
			buildActionMask = 2147483647;
			files = (
				523A4ADE2902A22400B8A084 /* LaunchScreen.storyboard in Resources */,
				523A4ADB2902A22400B8A084 /* Assets.xcassets in Resources */,
				523A4B042902AAC800B8A084 /* ViewController.xib in Resources */,
				523A4AD92902A22000B8A084 /* Main.storyboard in Resources */,
			);
			runOnlyForDeploymentPostprocessing = 0;
		};
		523A4AE22902A22400B8A084 /* Resources */ = {
			isa = PBXResourcesBuildPhase;
			buildActionMask = 2147483647;
			files = (
			);
			runOnlyForDeploymentPostprocessing = 0;
		};
		523A4AEC2902A22400B8A084 /* Resources */ = {
			isa = PBXResourcesBuildPhase;
			buildActionMask = 2147483647;
			files = (
			);
			runOnlyForDeploymentPostprocessing = 0;
		};
/* End PBXResourcesBuildPhase section */

/* Begin PBXSourcesBuildPhase section */
		523A4ACA2902A22000B8A084 /* Sources */ = {
			isa = PBXSourcesBuildPhase;
			buildActionMask = 2147483647;
			files = (
				523A4AD62902A22000B8A084 /* ViewController.swift in Sources */,
				523A4AD22902A22000B8A084 /* AppDelegate.swift in Sources */,
				523A4AD42902A22000B8A084 /* SceneDelegate.swift in Sources */,
			);
			runOnlyForDeploymentPostprocessing = 0;
		};
		523A4AE02902A22400B8A084 /* Sources */ = {
			isa = PBXSourcesBuildPhase;
			buildActionMask = 2147483647;
			files = (
				523A4AE92902A22400B8A084 /* tempoTests.swift in Sources */,
			);
			runOnlyForDeploymentPostprocessing = 0;
		};
		523A4AEA2902A22400B8A084 /* Sources */ = {
			isa = PBXSourcesBuildPhase;
			buildActionMask = 2147483647;
			files = (
				523A4AF52902A22400B8A084 /* tempoUITestsLaunchTests.swift in Sources */,
				523A4AF32902A22400B8A084 /* tempoUITests.swift in Sources */,
			);
			runOnlyForDeploymentPostprocessing = 0;
		};
/* End PBXSourcesBuildPhase section */

/* Begin PBXTargetDependency section */
		523A4AE62902A22400B8A084 /* PBXTargetDependency */ = {
			isa = PBXTargetDependency;
			target = 523A4ACD2902A22000B8A084 /* tempo */;
			targetProxy = 523A4AE52902A22400B8A084 /* PBXContainerItemProxy */;
		};
		523A4AF02902A22400B8A084 /* PBXTargetDependency */ = {
			isa = PBXTargetDependency;
			target = 523A4ACD2902A22000B8A084 /* tempo */;
			targetProxy = 523A4AEF2902A22400B8A084 /* PBXContainerItemProxy */;
		};
/* End PBXTargetDependency section */

/* Begin PBXVariantGroup section */
		523A4AD72902A22000B8A084 /* Main.storyboard */ = {
			isa = PBXVariantGroup;
			children = (
				523A4AD82902A22000B8A084 /* Base */,
			);
			name = Main.storyboard;
			sourceTree = "<group>";
		};
		523A4ADC2902A22400B8A084 /* LaunchScreen.storyboard */ = {
			isa = PBXVariantGroup;
			children = (
				523A4ADD2902A22400B8A084 /* Base */,
			);
			name = LaunchScreen.storyboard;
			sourceTree = "<group>";
		};
/* End PBXVariantGroup section */

/* Begin XCBuildConfiguration section */
		523A4AF62902A22400B8A084 /* Debug */ = {
			isa = XCBuildConfiguration;
			buildSettings = {
				ALWAYS_SEARCH_USER_PATHS = NO;
				CLANG_ANALYZER_NONNULL = YES;
				CLANG_ANALYZER_NUMBER_OBJECT_CONVERSION = YES_AGGRESSIVE;
				CLANG_CXX_LANGUAGE_STANDARD = "gnu++17";
				CLANG_CXX_LIBRARY = "libc++";
				CLANG_ENABLE_MODULES = YES;
				CLANG_ENABLE_OBJC_ARC = YES;
				CLANG_ENABLE_OBJC_WEAK = YES;
				CLANG_WARN_BLOCK_CAPTURE_AUTORELEASING = YES;
				CLANG_WARN_BOOL_CONVERSION = YES;
				CLANG_WARN_COMMA = YES;
				CLANG_WARN_CONSTANT_CONVERSION = YES;
				CLANG_WARN_DEPRECATED_OBJC_IMPLEMENTATIONS = YES;
				CLANG_WARN_DIRECT_OBJC_ISA_USAGE = YES_ERROR;
				CLANG_WARN_DOCUMENTATION_COMMENTS = YES;
				CLANG_WARN_EMPTY_BODY = YES;
				CLANG_WARN_ENUM_CONVERSION = YES;
				CLANG_WARN_INFINITE_RECURSION = YES;
				CLANG_WARN_INT_CONVERSION = YES;
				CLANG_WARN_NON_LITERAL_NULL_CONVERSION = YES;
				CLANG_WARN_OBJC_IMPLICIT_RETAIN_SELF = YES;
				CLANG_WARN_OBJC_LITERAL_CONVERSION = YES;
				CLANG_WARN_OBJC_ROOT_CLASS = YES_ERROR;
				CLANG_WARN_QUOTED_INCLUDE_IN_FRAMEWORK_HEADER = YES;
				CLANG_WARN_RANGE_LOOP_ANALYSIS = YES;
				CLANG_WARN_STRICT_PROTOTYPES = YES;
				CLANG_WARN_SUSPICIOUS_MOVE = YES;
				CLANG_WARN_UNGUARDED_AVAILABILITY = YES_AGGRESSIVE;
				CLANG_WARN_UNREACHABLE_CODE = YES;
				CLANG_WARN__DUPLICATE_METHOD_MATCH = YES;
				COPY_PHASE_STRIP = NO;
				DEBUG_INFORMATION_FORMAT = dwarf;
				ENABLE_STRICT_OBJC_MSGSEND = YES;
				ENABLE_TESTABILITY = YES;
				GCC_C_LANGUAGE_STANDARD = gnu11;
				GCC_DYNAMIC_NO_PIC = NO;
				GCC_NO_COMMON_BLOCKS = YES;
				GCC_OPTIMIZATION_LEVEL = 0;
				GCC_PREPROCESSOR_DEFINITIONS = (
					"DEBUG=1",
					"$(inherited)",
				);
				GCC_WARN_64_TO_32_BIT_CONVERSION = YES;
				GCC_WARN_ABOUT_RETURN_TYPE = YES_ERROR;
				GCC_WARN_UNDECLARED_SELECTOR = YES;
				GCC_WARN_UNINITIALIZED_AUTOS = YES_AGGRESSIVE;
				GCC_WARN_UNUSED_FUNCTION = YES;
				GCC_WARN_UNUSED_VARIABLE = YES;
				IPHONEOS_DEPLOYMENT_TARGET = 15.2;
				MTL_ENABLE_DEBUG_INFO = INCLUDE_SOURCE;
				MTL_FAST_MATH = YES;
				ONLY_ACTIVE_ARCH = YES;
				SDKROOT = iphoneos;
				SWIFT_ACTIVE_COMPILATION_CONDITIONS = DEBUG;
				SWIFT_OPTIMIZATION_LEVEL = "-Onone";
			};
			name = Debug;
		};
		523A4AF72902A22400B8A084 /* Release */ = {
			isa = XCBuildConfiguration;
			buildSettings = {
				ALWAYS_SEARCH_USER_PATHS = NO;
				CLANG_ANALYZER_NONNULL = YES;
				CLANG_ANALYZER_NUMBER_OBJECT_CONVERSION = YES_AGGRESSIVE;
				CLANG_CXX_LANGUAGE_STANDARD = "gnu++17";
				CLANG_CXX_LIBRARY = "libc++";
				CLANG_ENABLE_MODULES = YES;
				CLANG_ENABLE_OBJC_ARC = YES;
				CLANG_ENABLE_OBJC_WEAK = YES;
				CLANG_WARN_BLOCK_CAPTURE_AUTORELEASING = YES;
				CLANG_WARN_BOOL_CONVERSION = YES;
				CLANG_WARN_COMMA = YES;
				CLANG_WARN_CONSTANT_CONVERSION = YES;
				CLANG_WARN_DEPRECATED_OBJC_IMPLEMENTATIONS = YES;
				CLANG_WARN_DIRECT_OBJC_ISA_USAGE = YES_ERROR;
				CLANG_WARN_DOCUMENTATION_COMMENTS = YES;
				CLANG_WARN_EMPTY_BODY = YES;
				CLANG_WARN_ENUM_CONVERSION = YES;
				CLANG_WARN_INFINITE_RECURSION = YES;
				CLANG_WARN_INT_CONVERSION = YES;
				CLANG_WARN_NON_LITERAL_NULL_CONVERSION = YES;
				CLANG_WARN_OBJC_IMPLICIT_RETAIN_SELF = YES;
				CLANG_WARN_OBJC_LITERAL_CONVERSION = YES;
				CLANG_WARN_OBJC_ROOT_CLASS = YES_ERROR;
				CLANG_WARN_QUOTED_INCLUDE_IN_FRAMEWORK_HEADER = YES;
				CLANG_WARN_RANGE_LOOP_ANALYSIS = YES;
				CLANG_WARN_STRICT_PROTOTYPES = YES;
				CLANG_WARN_SUSPICIOUS_MOVE = YES;
				CLANG_WARN_UNGUARDED_AVAILABILITY = YES_AGGRESSIVE;
				CLANG_WARN_UNREACHABLE_CODE = YES;
				CLANG_WARN__DUPLICATE_METHOD_MATCH = YES;
				COPY_PHASE_STRIP = NO;
				DEBUG_INFORMATION_FORMAT = "dwarf-with-dsym";
				ENABLE_NS_ASSERTIONS = NO;
				ENABLE_STRICT_OBJC_MSGSEND = YES;
				GCC_C_LANGUAGE_STANDARD = gnu11;
				GCC_NO_COMMON_BLOCKS = YES;
				GCC_WARN_64_TO_32_BIT_CONVERSION = YES;
				GCC_WARN_ABOUT_RETURN_TYPE = YES_ERROR;
				GCC_WARN_UNDECLARED_SELECTOR = YES;
				GCC_WARN_UNINITIALIZED_AUTOS = YES_AGGRESSIVE;
				GCC_WARN_UNUSED_FUNCTION = YES;
				GCC_WARN_UNUSED_VARIABLE = YES;
				IPHONEOS_DEPLOYMENT_TARGET = 15.2;
				MTL_ENABLE_DEBUG_INFO = NO;
				MTL_FAST_MATH = YES;
				SDKROOT = iphoneos;
				SWIFT_COMPILATION_MODE = wholemodule;
				SWIFT_OPTIMIZATION_LEVEL = "-O";
				VALIDATE_PRODUCT = YES;
			};
			name = Release;
		};
		523A4AF92902A22400B8A084 /* Debug */ = {
			isa = XCBuildConfiguration;
			buildSettings = {
				ASSETCATALOG_COMPILER_APPICON_NAME = AppIcon;
				ASSETCATALOG_COMPILER_GLOBAL_ACCENT_COLOR_NAME = AccentColor;
				CODE_SIGN_STYLE = Automatic;
				CURRENT_PROJECT_VERSION = 1;
				DEVELOPMENT_TEAM = 86KM7GRB86;
				GENERATE_INFOPLIST_FILE = YES;
				INFOPLIST_FILE = tempo/Info.plist;
				INFOPLIST_KEY_UIApplicationSupportsIndirectInputEvents = YES;
				INFOPLIST_KEY_UILaunchStoryboardName = LaunchScreen;
				INFOPLIST_KEY_UISupportedInterfaceOrientations_iPad = "UIInterfaceOrientationPortrait UIInterfaceOrientationPortraitUpsideDown UIInterfaceOrientationLandscapeLeft UIInterfaceOrientationLandscapeRight";
				INFOPLIST_KEY_UISupportedInterfaceOrientations_iPhone = "UIInterfaceOrientationPortrait UIInterfaceOrientationLandscapeLeft UIInterfaceOrientationLandscapeRight";
				LD_RUNPATH_SEARCH_PATHS = (
					"$(inherited)",
					"@executable_path/Frameworks",
				);
				MARKETING_VERSION = 1.0;
				PRODUCT_BUNDLE_IDENTIFIER = com.iosdev.tempo;
				PRODUCT_NAME = "$(TARGET_NAME)";
				SWIFT_EMIT_LOC_STRINGS = YES;
				SWIFT_VERSION = 5.0;
				TARGETED_DEVICE_FAMILY = "1,2";
			};
			name = Debug;
		};
		523A4AFA2902A22400B8A084 /* Release */ = {
			isa = XCBuildConfiguration;
			buildSettings = {
				ASSETCATALOG_COMPILER_APPICON_NAME = AppIcon;
				ASSETCATALOG_COMPILER_GLOBAL_ACCENT_COLOR_NAME = AccentColor;
				CODE_SIGN_STYLE = Automatic;
				CURRENT_PROJECT_VERSION = 1;
				DEVELOPMENT_TEAM = 86KM7GRB86;
				GENERATE_INFOPLIST_FILE = YES;
				INFOPLIST_FILE = tempo/Info.plist;
				INFOPLIST_KEY_UIApplicationSupportsIndirectInputEvents = YES;
				INFOPLIST_KEY_UILaunchStoryboardName = LaunchScreen;
				INFOPLIST_KEY_UISupportedInterfaceOrientations_iPad = "UIInterfaceOrientationPortrait UIInterfaceOrientationPortraitUpsideDown UIInterfaceOrientationLandscapeLeft UIInterfaceOrientationLandscapeRight";
				INFOPLIST_KEY_UISupportedInterfaceOrientations_iPhone = "UIInterfaceOrientationPortrait UIInterfaceOrientationLandscapeLeft UIInterfaceOrientationLandscapeRight";
				LD_RUNPATH_SEARCH_PATHS = (
					"$(inherited)",
					"@executable_path/Frameworks",
				);
				MARKETING_VERSION = 1.0;
				PRODUCT_BUNDLE_IDENTIFIER = com.iosdev.tempo;
				PRODUCT_NAME = "$(TARGET_NAME)";
				SWIFT_EMIT_LOC_STRINGS = YES;
				SWIFT_VERSION = 5.0;
				TARGETED_DEVICE_FAMILY = "1,2";
			};
			name = Release;
		};
		523A4AFC2902A22400B8A084 /* Debug */ = {
			isa = XCBuildConfiguration;
			buildSettings = {
				ALWAYS_EMBED_SWIFT_STANDARD_LIBRARIES = YES;
				BUNDLE_LOADER = "$(TEST_HOST)";
				CODE_SIGN_STYLE = Automatic;
				CURRENT_PROJECT_VERSION = 1;
				DEVELOPMENT_TEAM = 86KM7GRB86;
				GENERATE_INFOPLIST_FILE = YES;
				IPHONEOS_DEPLOYMENT_TARGET = 15.2;
				MARKETING_VERSION = 1.0;
				PRODUCT_BUNDLE_IDENTIFIER = com.iosdev.tempoTests;
				PRODUCT_NAME = "$(TARGET_NAME)";
				SWIFT_EMIT_LOC_STRINGS = NO;
				SWIFT_VERSION = 5.0;
				TARGETED_DEVICE_FAMILY = "1,2";
				TEST_HOST = "$(BUILT_PRODUCTS_DIR)/tempo.app/tempo";
			};
			name = Debug;
		};
		523A4AFD2902A22400B8A084 /* Release */ = {
			isa = XCBuildConfiguration;
			buildSettings = {
				ALWAYS_EMBED_SWIFT_STANDARD_LIBRARIES = YES;
				BUNDLE_LOADER = "$(TEST_HOST)";
				CODE_SIGN_STYLE = Automatic;
				CURRENT_PROJECT_VERSION = 1;
				DEVELOPMENT_TEAM = 86KM7GRB86;
				GENERATE_INFOPLIST_FILE = YES;
				IPHONEOS_DEPLOYMENT_TARGET = 15.2;
				MARKETING_VERSION = 1.0;
				PRODUCT_BUNDLE_IDENTIFIER = com.iosdev.tempoTests;
				PRODUCT_NAME = "$(TARGET_NAME)";
				SWIFT_EMIT_LOC_STRINGS = NO;
				SWIFT_VERSION = 5.0;
				TARGETED_DEVICE_FAMILY = "1,2";
				TEST_HOST = "$(BUILT_PRODUCTS_DIR)/tempo.app/tempo";
			};
			name = Release;
		};
		523A4AFF2902A22400B8A084 /* Debug */ = {
			isa = XCBuildConfiguration;
			buildSettings = {
				ALWAYS_EMBED_SWIFT_STANDARD_LIBRARIES = YES;
				CODE_SIGN_STYLE = Automatic;
				CURRENT_PROJECT_VERSION = 1;
				DEVELOPMENT_TEAM = 86KM7GRB86;
				GENERATE_INFOPLIST_FILE = YES;
				MARKETING_VERSION = 1.0;
				PRODUCT_BUNDLE_IDENTIFIER = com.iosdev.tempoUITests;
				PRODUCT_NAME = "$(TARGET_NAME)";
				SWIFT_EMIT_LOC_STRINGS = NO;
				SWIFT_VERSION = 5.0;
				TARGETED_DEVICE_FAMILY = "1,2";
				TEST_TARGET_NAME = tempo;
			};
			name = Debug;
		};
		523A4B002902A22400B8A084 /* Release */ = {
			isa = XCBuildConfiguration;
			buildSettings = {
				ALWAYS_EMBED_SWIFT_STANDARD_LIBRARIES = YES;
				CODE_SIGN_STYLE = Automatic;
				CURRENT_PROJECT_VERSION = 1;
				DEVELOPMENT_TEAM = 86KM7GRB86;
				GENERATE_INFOPLIST_FILE = YES;
				MARKETING_VERSION = 1.0;
				PRODUCT_BUNDLE_IDENTIFIER = com.iosdev.tempoUITests;
				PRODUCT_NAME = "$(TARGET_NAME)";
				SWIFT_EMIT_LOC_STRINGS = NO;
				SWIFT_VERSION = 5.0;
				TARGETED_DEVICE_FAMILY = "1,2";
				TEST_TARGET_NAME = tempo;
			};
			name = Release;
		};
/* End XCBuildConfiguration section */

/* Begin XCConfigurationList section */
		523A4AC92902A22000B8A084 /* Build configuration list for PBXProject "tempo" */ = {
			isa = XCConfigurationList;
			buildConfigurations = (
				523A4AF62902A22400B8A084 /* Debug */,
				523A4AF72902A22400B8A084 /* Release */,
			);
			defaultConfigurationIsVisible = 0;
			defaultConfigurationName = Release;
		};
		523A4AF82902A22400B8A084 /* Build configuration list for PBXNativeTarget "tempo" */ = {
			isa = XCConfigurationList;
			buildConfigurations = (
				523A4AF92902A22400B8A084 /* Debug */,
				523A4AFA2902A22400B8A084 /* Release */,
			);
			defaultConfigurationIsVisible = 0;
			defaultConfigurationName = Release;
		};
		523A4AFB2902A22400B8A084 /* Build configuration list for PBXNativeTarget "tempoTests" */ = {
			isa = XCConfigurationList;
			buildConfigurations = (
				523A4AFC2902A22400B8A084 /* Debug */,
				523A4AFD2902A22400B8A084 /* Release */,
			);
			defaultConfigurationIsVisible = 0;
			defaultConfigurationName = Release;
		};
		523A4AFE2902A22400B8A084 /* Build configuration list for PBXNativeTarget "tempoUITests" */ = {
			isa = XCConfigurationList;
			buildConfigurations = (
				523A4AFF2902A22400B8A084 /* Debug */,
				523A4B002902A22400B8A084 /* Release */,
			);
			defaultConfigurationIsVisible = 0;
			defaultConfigurationName = Release;
		};
/* End XCConfigurationList section */
	};
	rootObject = 523A4AC62902A22000B8A084 /* Project object */;
}
